
Microsoft Visual Studio Solution File, Format Version 12.00
# Visual Studio 14
VisualStudioVersion = 14.0.23107.0
MinimumVisualStudioVersion = 10.0.40219.1
Project("{F2A71F9B-5D33-465A-A702-920D77279786}") = "QuandlFS", "QuandlFS\QuandlFS.fsproj", "{9F3F811C-0BA6-4FDC-AB56-F9BE93901442}"
EndProject
Project("{F2A71F9B-5D33-465A-A702-920D77279786}") = "TestQuandlFS", "Test\TestQuandlFS.fsproj", "{36493400-E560-4284-BF86-CCCC23C3A210}"
EndProject
Global
	GlobalSection(SolutionConfigurationPlatforms) = preSolution
		Debug|Any CPU = Debug|Any CPU
		Release|Any CPU = Release|Any CPU
	EndGlobalSection
	GlobalSection(ProjectConfigurationPlatforms) = postSolution
		{9F3F811C-0BA6-4FDC-AB56-F9BE93901442}.Debug|Any CPU.ActiveCfg = Debug|Any CPU
		{9F3F811C-0BA6-4FDC-AB56-F9BE93901442}.Debug|Any CPU.Build.0 = Debug|Any CPU
		{9F3F811C-0BA6-4FDC-AB56-F9BE93901442}.Release|Any CPU.ActiveCfg = Release|Any CPU
		{9F3F811C-0BA6-4FDC-AB56-F9BE93901442}.Release|Any CPU.Build.0 = Release|Any CPU
		{36493400-E560-4284-BF86-CCCC23C3A210}.Debug|Any CPU.ActiveCfg = Debug|Any CPU
		{36493400-E560-4284-BF86-CCCC23C3A210}.Debug|Any CPU.Build.0 = Debug|Any CPU
		{36493400-E560-4284-BF86-CCCC23C3A210}.Release|Any CPU.ActiveCfg = Release|Any CPU
		{36493400-E560-4284-BF86-CCCC23C3A210}.Release|Any CPU.Build.0 = Release|Any CPU
	EndGlobalSection
	GlobalSection(SolutionProperties) = preSolution
		HideSolutionNode = FALSE
	EndGlobalSection
EndGlobal
